{
  "originHash" : "e7b04ee35ceaf5be6d56f395f6a624b752e20369cd096d49d3e3ea0d1e9dbccd",
  "pins" : [
    {
      "identity" : "cloudstorage",
      "kind" : "remoteSourceControl",
      "location" : "https://github.com/nonstrict-hq/CloudStorage.git",
      "state" : {
        "revision" : "35700218d35579df091974b6e7765db94c83448b",
        "version" : "0.4.0"
      }
    },
    {
      "identity" : "vortex",
      "kind" : "remoteSourceControl",
      "location" : "https://github.com/twostraws/Vortex",
      "state" : {
        "revision" : "bb48b128d3c13c68c68e83833c622eec9f6c701f",
        "version" : "1.0.1"
      }
    }
  ],
  "version" : 3
}
